{
  "originHash" : "49a8f9087d5dd85d2412f191d0c81232e4b1738d13347c9d905655ed92167681",
  "pins" : [
    {
      "identity" : "geometry-additions",
      "kind" : "remoteSourceControl",
      "location" : "https://github.com/lopsae/geometry-additions",
      "state" : {
        "revision" : "5d7f4ab79e18865df940fbb438a58eab5ed626ae",
        "version" : "0.6.1"
      }
    },
    {
      "identity" : "preview-utilities",
      "kind" : "remoteSourceControl",
      "location" : "https://github.com/lopsae/preview-utilities.git",
      "state" : {
        "branch" : "feature/separate-geometry-additions",
        "revision" : "4f2725c89233e9f128d6383aa673fa663a899bbd"
      }
    },
    {
      "identity" : "swift-docc-plugin",
      "kind" : "remoteSourceControl",
      "location" : "https://github.com/swiftlang/swift-docc-plugin",
      "state" : {
        "revision" : "647c708be89f834fa6a6d4945442793a77ddf5b6",
        "version" : "1.5.0"
      }
    },
    {
      "identity" : "swift-docc-symbolkit",
      "kind" : "remoteSourceControl",
      "location" : "https://github.com/swiftlang/swift-docc-symbolkit",
      "state" : {
        "revision" : "b45d1f2ed151d057b54504d653e0da5552844e34",
        "version" : "1.0.0"
      }
    }
  ],
  "version" : 3
}
