{
  "originHash" : "2017975cfba49b88d415e74171f66bf682629f78f96210167dd9d5fec40f5835",
  "pins" : [
    {
      "identity" : "preview-utilities",
      "kind" : "localSourceControl",
      "location" : "/Users/maic/dev/preview-utilities",
      "state" : {
        "branch" : "initial-tagged-release",
        "revision" : "9f86fd39b6f35244afa6d6c0bec7f118d5d55f43"
      }
    }
  ],
  "version" : 3
}
