{
  "originHash" : "b50405c15022771e93225bdb1135b8bdfd345de22894db65a329e12ddfb4ff25",
  "pins" : [
    {
      "identity" : "preview-utilities",
      "kind" : "remoteSourceControl",
      "location" : "https://github.com/lopsae/preview-utilities.git",
      "state" : {
        "branch" : "initial-tagged-release",
        "revision" : "b2d6e8ec938090ae4bc8bf8126e2f5d741a97074"
      }
    }
  ],
  "version" : 3
}
