{
  "originHash" : "cf639ac4fb8dc6397d05ff5c24e98b5b811ebbc09d67926472ec5ece35f0f3e5",
  "pins" : [
    {
      "identity" : "preview-utilities",
      "kind" : "remoteSourceControl",
      "location" : "https://github.com/lopsae/preview-utilities.git",
      "state" : {
        "branch" : "feature/debug-alignment-guide-modifier",
        "revision" : "d30d4e7e4202cfa372d2a92b765d8db4d1da8b29"
      }
    }
  ],
  "version" : 3
}
