{
  "originHash" : "5775acd9151e9e5f970e3ca21f5f8c7049b2524ee4dd3242e0b8edd7b3e2b225",
  "pins" : [
    {
      "identity" : "discrete-step-slider",
      "kind" : "remoteSourceControl",
      "location" : "https://github.com/lopsae/discrete-step-slider",
      "state" : {
        "branch" : "develop",
        "revision" : "5938625360d9c7ff8f2638c8d52b90f7e7334ba4"
      }
    },
    {
      "identity" : "preview-utilities",
      "kind" : "remoteSourceControl",
      "location" : "https://github.com/lopsae/preview-utilities.git",
      "state" : {
        "branch" : "initial-tagged-release",
        "revision" : "b44af9821e2fb50927675d92aaeb295da8284f2e"
      }
    }
  ],
  "version" : 3
}
