{
  "originHash" : "1c917fea28eab36f374c45896900cc8bb0b7d3cac42839d963ed182fa6320feb",
  "pins" : [
    {
      "identity" : "preview-utilities",
      "kind" : "remoteSourceControl",
      "location" : "https://github.com/lopsae/preview-utilities.git",
      "state" : {
        "branch" : "initial-tagged-release",
        "revision" : "b44af9821e2fb50927675d92aaeb295da8284f2e"
      }
    }
  ],
  "version" : 3
}
