{
  "originHash" : "1c917fea28eab36f374c45896900cc8bb0b7d3cac42839d963ed182fa6320feb",
  "pins" : [
    {
      "identity" : "preview-utilities",
      "kind" : "remoteSourceControl",
      "location" : "https://github.com/lopsae/preview-utilities.git",
      "state" : {
        "branch" : "initial-tagged-release",
        "revision" : "b2d6e8ec938090ae4bc8bf8126e2f5d741a97074"
      }
    }
  ],
  "version" : 3
}
